
Microsoft Visual Studio Solution File, Format Version 12.00
# Visual Studio 2013
VisualStudioVersion = 12.0.21005.1
MinimumVisualStudioVersion = 10.0.40219.1
Project("{FAE04EC0-301F-11D3-BF4B-00C04F79EFBC}") = "Task1Logic", "Task1Logic\Task1Logic.csproj", "{D53A5C42-0F4A-466D-B010-69422858DF9B}"
EndProject
Project("{FAE04EC0-301F-11D3-BF4B-00C04F79EFBC}") = "Task1Console", "Task1Console\Task1Console.csproj", "{DBB094FE-EED2-4AD9-969C-3528977F5219}"
EndProject
Project("{FAE04EC0-301F-11D3-BF4B-00C04F79EFBC}") = "Task2Logic", "Task2Logic\Task2Logic.csproj", "{A5564D49-0DF9-4831-9BF5-2E1E6B0C6B78}"
EndProject
Project("{FAE04EC0-301F-11D3-BF4B-00C04F79EFBC}") = "Task2Console", "Task2Console\Task2Console.csproj", "{25DEB614-1434-4319-94FE-880E9F34E305}"
EndProject
Project("{FAE04EC0-301F-11D3-BF4B-00C04F79EFBC}") = "Task3Logic", "Task3Logic\Task3Logic.csproj", "{15E4A031-6EB1-4C88-BAF4-0AE246972195}"
EndProject
Project("{FAE04EC0-301F-11D3-BF4B-00C04F79EFBC}") = "Task3Console", "Task3Console\Task3Console.csproj", "{EFE6BFDF-76C0-4EA9-9B4C-7A17C9763B2D}"
EndProject
Project("{FAE04EC0-301F-11D3-BF4B-00C04F79EFBC}") = "Task4Logic", "Task4Logic\Task4Logic.csproj", "{15412849-1927-4079-A545-3C5672DFCA05}"
EndProject
Project("{FAE04EC0-301F-11D3-BF4B-00C04F79EFBC}") = "Task4Console", "Task4Console\Task4Console.csproj", "{28F42498-C51F-4926-856F-0F6C6288B4C2}"
EndProject
Global
	GlobalSection(SolutionConfigurationPlatforms) = preSolution
		Debug|Any CPU = Debug|Any CPU
		Release|Any CPU = Release|Any CPU
	EndGlobalSection
	GlobalSection(ProjectConfigurationPlatforms) = postSolution
		{D53A5C42-0F4A-466D-B010-69422858DF9B}.Debug|Any CPU.ActiveCfg = Debug|Any CPU
		{D53A5C42-0F4A-466D-B010-69422858DF9B}.Debug|Any CPU.Build.0 = Debug|Any CPU
		{D53A5C42-0F4A-466D-B010-69422858DF9B}.Release|Any CPU.ActiveCfg = Release|Any CPU
		{D53A5C42-0F4A-466D-B010-69422858DF9B}.Release|Any CPU.Build.0 = Release|Any CPU
		{DBB094FE-EED2-4AD9-969C-3528977F5219}.Debug|Any CPU.ActiveCfg = Debug|Any CPU
		{DBB094FE-EED2-4AD9-969C-3528977F5219}.Debug|Any CPU.Build.0 = Debug|Any CPU
		{DBB094FE-EED2-4AD9-969C-3528977F5219}.Release|Any CPU.ActiveCfg = Release|Any CPU
		{DBB094FE-EED2-4AD9-969C-3528977F5219}.Release|Any CPU.Build.0 = Release|Any CPU
		{A5564D49-0DF9-4831-9BF5-2E1E6B0C6B78}.Debug|Any CPU.ActiveCfg = Debug|Any CPU
		{A5564D49-0DF9-4831-9BF5-2E1E6B0C6B78}.Debug|Any CPU.Build.0 = Debug|Any CPU
		{A5564D49-0DF9-4831-9BF5-2E1E6B0C6B78}.Release|Any CPU.ActiveCfg = Release|Any CPU
		{A5564D49-0DF9-4831-9BF5-2E1E6B0C6B78}.Release|Any CPU.Build.0 = Release|Any CPU
		{25DEB614-1434-4319-94FE-880E9F34E305}.Debug|Any CPU.ActiveCfg = Debug|Any CPU
		{25DEB614-1434-4319-94FE-880E9F34E305}.Debug|Any CPU.Build.0 = Debug|Any CPU
		{25DEB614-1434-4319-94FE-880E9F34E305}.Release|Any CPU.ActiveCfg = Release|Any CPU
		{25DEB614-1434-4319-94FE-880E9F34E305}.Release|Any CPU.Build.0 = Release|Any CPU
		{15E4A031-6EB1-4C88-BAF4-0AE246972195}.Debug|Any CPU.ActiveCfg = Debug|Any CPU
		{15E4A031-6EB1-4C88-BAF4-0AE246972195}.Debug|Any CPU.Build.0 = Debug|Any CPU
		{15E4A031-6EB1-4C88-BAF4-0AE246972195}.Release|Any CPU.ActiveCfg = Release|Any CPU
		{15E4A031-6EB1-4C88-BAF4-0AE246972195}.Release|Any CPU.Build.0 = Release|Any CPU
		{EFE6BFDF-76C0-4EA9-9B4C-7A17C9763B2D}.Debug|Any CPU.ActiveCfg = Debug|Any CPU
		{EFE6BFDF-76C0-4EA9-9B4C-7A17C9763B2D}.Debug|Any CPU.Build.0 = Debug|Any CPU
		{EFE6BFDF-76C0-4EA9-9B4C-7A17C9763B2D}.Release|Any CPU.ActiveCfg = Release|Any CPU
		{EFE6BFDF-76C0-4EA9-9B4C-7A17C9763B2D}.Release|Any CPU.Build.0 = Release|Any CPU
		{15412849-1927-4079-A545-3C5672DFCA05}.Debug|Any CPU.ActiveCfg = Debug|Any CPU
		{15412849-1927-4079-A545-3C5672DFCA05}.Debug|Any CPU.Build.0 = Debug|Any CPU
		{15412849-1927-4079-A545-3C5672DFCA05}.Release|Any CPU.ActiveCfg = Release|Any CPU
		{15412849-1927-4079-A545-3C5672DFCA05}.Release|Any CPU.Build.0 = Release|Any CPU
		{28F42498-C51F-4926-856F-0F6C6288B4C2}.Debug|Any CPU.ActiveCfg = Debug|Any CPU
		{28F42498-C51F-4926-856F-0F6C6288B4C2}.Debug|Any CPU.Build.0 = Debug|Any CPU
		{28F42498-C51F-4926-856F-0F6C6288B4C2}.Release|Any CPU.ActiveCfg = Release|Any CPU
		{28F42498-C51F-4926-856F-0F6C6288B4C2}.Release|Any CPU.Build.0 = Release|Any CPU
	EndGlobalSection
	GlobalSection(SolutionProperties) = preSolution
		HideSolutionNode = FALSE
	EndGlobalSection
EndGlobal
